{
  "nodes": {
    "home-manager": {
      "inputs": {
        "nixpkgs": [
          "nixpkgs"
        ]
      },
      "locked": {
        "lastModified": 1604441492,
        "narHash": "sha256-Wo7WqdwNQnWHmhyZuhVLrAEpCuZl88cA9ttxkiCTekY=",
        "owner": "nix-community",
        "repo": "home-manager",
        "rev": "63f299b3347aea183fc5088e4d6c4a193b334a41",
        "type": "github"
      },
      "original": {
        "owner": "nix-community",
        "ref": "release-20.09",
        "repo": "home-manager",
        "type": "github"
      }
    },
    "nixpkgs": {
      "locked": {
        "lastModified": 1608062904,
        "narHash": "sha256-QVaxOnGwZoBtNTlnAV0aeC30ASeJpo583wjotmhpOtg=",
        "owner": "NixOS",
        "repo": "nixpkgs",
        "rev": "647cc06986c1ae4a2bb05298e0cf598723e42970",
        "type": "github"
      },
      "original": {
        "owner": "NixOS",
        "ref": "nixos-20.09",
        "repo": "nixpkgs",
        "type": "github"
      }
    },
    "root": {
      "inputs": {
        "home-manager": "home-manager",
        "nixpkgs": "nixpkgs"
      }
    }
  },
  "root": "root",
  "version": 7
}
